using System;

class Calculadora
{
    static void Main()
    {
        while (true)
        {
            Console.WriteLine("Calculadora em C#");
            Console.WriteLine("Escolha a operação:");
            Console.WriteLine("1 - Adição");
            Console.WriteLine("2 - Subtração");
            Console.WriteLine("3 - Multiplicação");
            Console.WriteLine("4 - Divisão");
            Console.WriteLine("0 - Sair");

            // Obter a escolha do usuário
            Console.Write("Digite o número da operação desejada: ");
            int escolha = Convert.ToInt32(Console.ReadLine());

            if (escolha == 0)
            {
                Console.WriteLine("Saindo da calculadora.");
                break;
            }

            // Obter os números para a operação
            Console.Write("Digite o primeiro número: ");
            double num1 = Convert.ToDouble(Console.ReadLine());

            Console.Write("Digite o segundo número: ");
            double num2 = Convert.ToDouble(Console.ReadLine());

            // Realizar a operação selecionada
            double resultado = 0;

            switch (escolha)
            {
                case 1:
                    resultado = num1 + num2;
                    break;
                case 2:
                    resultado = num1 - num2;
                    break;
                case 3:
                    resultado = num1 * num2;
                    break;
                case 4:
                    if (num2 != 0)
                        resultado = num1 / num2;
                    else
                        Console.WriteLine("Erro: Divisão por zero.");
                    break;
                default:
                    Console.WriteLine("Escolha inválida. Tente novamente.");
                    continue;
            }

            // Exibir o resultado
            Console.WriteLine($"Resultado: {resultado}");
        }
    }
}
﻿
